
Microsoft Visual Studio Solution File, Format Version 12.00
# Visual Studio Version 16
VisualStudioVersion = 16.0.30717.126
MinimumVisualStudioVersion = 10.0.40219.1
Project("{FAE04EC0-301F-11D3-BF4B-00C04F79EFBC}") = "Minesweeper", "Minesweeper\Minesweeper.csproj", "{18500616-2147-4864-9DF9-2E8F365E279E}"
EndProject
Global
	GlobalSection(SolutionConfigurationPlatforms) = preSolution
		Debug|Any CPU = Debug|Any CPU
		Release|Any CPU = Release|Any CPU
	EndGlobalSection
	GlobalSection(ProjectConfigurationPlatforms) = postSolution
		{18500616-2147-4864-9DF9-2E8F365E279E}.Debug|Any CPU.ActiveCfg = Debug|Any CPU
		{18500616-2147-4864-9DF9-2E8F365E279E}.Debug|Any CPU.Build.0 = Debug|Any CPU
		{18500616-2147-4864-9DF9-2E8F365E279E}.Release|Any CPU.ActiveCfg = Release|Any CPU
		{18500616-2147-4864-9DF9-2E8F365E279E}.Release|Any CPU.Build.0 = Release|Any CPU
	EndGlobalSection
	GlobalSection(SolutionProperties) = preSolution
		HideSolutionNode = FALSE
	EndGlobalSection
	GlobalSection(ExtensibilityGlobals) = postSolution
		SolutionGuid = {192BCF2B-74B5-4632-A569-164F5EF47A62}
	EndGlobalSection
EndGlobal
